
Microsoft Visual Studio Solution File, Format Version 12.00
# Visual Studio Version 16
VisualStudioVersion = 16.0.29709.97
MinimumVisualStudioVersion = 10.0.40219.1
Project("{9A19103F-16F7-4668-BE54-9A1E7A4F7556}") = "ASP", "ASP\ASP.csproj", "{F99A3A16-3943-4169-AA51-C1DB1521B98A}"
	ProjectSection(ProjectDependencies) = postProject
		{2D99D71A-8F91-4449-B18C-0CB33A75C454} = {2D99D71A-8F91-4449-B18C-0CB33A75C454}
		{7758E17B-BF52-4729-BCC3-6C670AAEBA0B} = {7758E17B-BF52-4729-BCC3-6C670AAEBA0B}
		{F03319AE-D06A-449D-87E9-FFC48CB27652} = {F03319AE-D06A-449D-87E9-FFC48CB27652}
	EndProjectSection
EndProject
Project("{9A19103F-16F7-4668-BE54-9A1E7A4F7556}") = "Models", "Models\Models.csproj", "{7758E17B-BF52-4729-BCC3-6C670AAEBA0B}"
EndProject
Project("{9A19103F-16F7-4668-BE54-9A1E7A4F7556}") = "Service", "Services\Service.csproj", "{2D99D71A-8F91-4449-B18C-0CB33A75C454}"
EndProject
Project("{9A19103F-16F7-4668-BE54-9A1E7A4F7556}") = "Repository", "Repository\Repository.csproj", "{C1010A06-7BAC-47BB-A1D3-96FCBB4A3605}"
EndProject
Project("{2150E333-8FDC-42A3-9474-1A3956D46DE8}") = "1. Models", "1. Models", "{60E4C14F-2267-4DF2-8E6E-395E916DD749}"
EndProject
Project("{2150E333-8FDC-42A3-9474-1A3956D46DE8}") = "2. Data", "2. Data", "{648E3AEC-720F-4C81-A8FF-C9B3F7547BD8}"
EndProject
Project("{2150E333-8FDC-42A3-9474-1A3956D46DE8}") = "3. Repository", "3. Repository", "{0C403210-353E-49FA-8C8C-589C64ED4623}"
EndProject
Project("{2150E333-8FDC-42A3-9474-1A3956D46DE8}") = "4. Service", "4. Service", "{07D8323B-B37E-4B3B-A455-FFD236DB7D23}"
EndProject
Project("{2150E333-8FDC-42A3-9474-1A3956D46DE8}") = "5. ASP", "5. ASP", "{2825F40D-7ABF-4D94-AE64-36C88355AA36}"
EndProject
Project("{9A19103F-16F7-4668-BE54-9A1E7A4F7556}") = "Service.Tests", "Service.Tests\Service.Tests.csproj", "{B6BD7E2C-79A5-440E-B575-2525F74FEEEE}"
EndProject
Project("{9A19103F-16F7-4668-BE54-9A1E7A4F7556}") = "Data", "Data\Data.csproj", "{F03319AE-D06A-449D-87E9-FFC48CB27652}"
EndProject
Project("{FAE04EC0-301F-11D3-BF4B-00C04F79EFBC}") = "Repository.Tests", "Repository.Tests\Repository.Tests.csproj", "{CA836C5D-192D-49FF-8FFC-696CA8B94805}"
EndProject
Global
	GlobalSection(SolutionConfigurationPlatforms) = preSolution
		Debug|Any CPU = Debug|Any CPU
		Release|Any CPU = Release|Any CPU
	EndGlobalSection
	GlobalSection(ProjectConfigurationPlatforms) = postSolution
		{F99A3A16-3943-4169-AA51-C1DB1521B98A}.Debug|Any CPU.ActiveCfg = Debug|Any CPU
		{F99A3A16-3943-4169-AA51-C1DB1521B98A}.Debug|Any CPU.Build.0 = Debug|Any CPU
		{F99A3A16-3943-4169-AA51-C1DB1521B98A}.Release|Any CPU.ActiveCfg = Release|Any CPU
		{F99A3A16-3943-4169-AA51-C1DB1521B98A}.Release|Any CPU.Build.0 = Release|Any CPU
		{7758E17B-BF52-4729-BCC3-6C670AAEBA0B}.Debug|Any CPU.ActiveCfg = Debug|Any CPU
		{7758E17B-BF52-4729-BCC3-6C670AAEBA0B}.Debug|Any CPU.Build.0 = Debug|Any CPU
		{7758E17B-BF52-4729-BCC3-6C670AAEBA0B}.Release|Any CPU.ActiveCfg = Release|Any CPU
		{7758E17B-BF52-4729-BCC3-6C670AAEBA0B}.Release|Any CPU.Build.0 = Release|Any CPU
		{2D99D71A-8F91-4449-B18C-0CB33A75C454}.Debug|Any CPU.ActiveCfg = Debug|Any CPU
		{2D99D71A-8F91-4449-B18C-0CB33A75C454}.Debug|Any CPU.Build.0 = Debug|Any CPU
		{2D99D71A-8F91-4449-B18C-0CB33A75C454}.Release|Any CPU.ActiveCfg = Release|Any CPU
		{2D99D71A-8F91-4449-B18C-0CB33A75C454}.Release|Any CPU.Build.0 = Release|Any CPU
		{C1010A06-7BAC-47BB-A1D3-96FCBB4A3605}.Debug|Any CPU.ActiveCfg = Debug|Any CPU
		{C1010A06-7BAC-47BB-A1D3-96FCBB4A3605}.Debug|Any CPU.Build.0 = Debug|Any CPU
		{C1010A06-7BAC-47BB-A1D3-96FCBB4A3605}.Release|Any CPU.ActiveCfg = Release|Any CPU
		{C1010A06-7BAC-47BB-A1D3-96FCBB4A3605}.Release|Any CPU.Build.0 = Release|Any CPU
		{B6BD7E2C-79A5-440E-B575-2525F74FEEEE}.Debug|Any CPU.ActiveCfg = Debug|Any CPU
		{B6BD7E2C-79A5-440E-B575-2525F74FEEEE}.Debug|Any CPU.Build.0 = Debug|Any CPU
		{B6BD7E2C-79A5-440E-B575-2525F74FEEEE}.Release|Any CPU.ActiveCfg = Release|Any CPU
		{B6BD7E2C-79A5-440E-B575-2525F74FEEEE}.Release|Any CPU.Build.0 = Release|Any CPU
		{F03319AE-D06A-449D-87E9-FFC48CB27652}.Debug|Any CPU.ActiveCfg = Debug|Any CPU
		{F03319AE-D06A-449D-87E9-FFC48CB27652}.Debug|Any CPU.Build.0 = Debug|Any CPU
		{F03319AE-D06A-449D-87E9-FFC48CB27652}.Release|Any CPU.ActiveCfg = Release|Any CPU
		{F03319AE-D06A-449D-87E9-FFC48CB27652}.Release|Any CPU.Build.0 = Release|Any CPU
		{CA836C5D-192D-49FF-8FFC-696CA8B94805}.Debug|Any CPU.ActiveCfg = Debug|Any CPU
		{CA836C5D-192D-49FF-8FFC-696CA8B94805}.Debug|Any CPU.Build.0 = Debug|Any CPU
		{CA836C5D-192D-49FF-8FFC-696CA8B94805}.Release|Any CPU.ActiveCfg = Release|Any CPU
		{CA836C5D-192D-49FF-8FFC-696CA8B94805}.Release|Any CPU.Build.0 = Release|Any CPU
	EndGlobalSection
	GlobalSection(SolutionProperties) = preSolution
		HideSolutionNode = FALSE
	EndGlobalSection
	GlobalSection(NestedProjects) = preSolution
		{F99A3A16-3943-4169-AA51-C1DB1521B98A} = {2825F40D-7ABF-4D94-AE64-36C88355AA36}
		{7758E17B-BF52-4729-BCC3-6C670AAEBA0B} = {60E4C14F-2267-4DF2-8E6E-395E916DD749}
		{2D99D71A-8F91-4449-B18C-0CB33A75C454} = {07D8323B-B37E-4B3B-A455-FFD236DB7D23}
		{C1010A06-7BAC-47BB-A1D3-96FCBB4A3605} = {0C403210-353E-49FA-8C8C-589C64ED4623}
		{B6BD7E2C-79A5-440E-B575-2525F74FEEEE} = {07D8323B-B37E-4B3B-A455-FFD236DB7D23}
		{F03319AE-D06A-449D-87E9-FFC48CB27652} = {648E3AEC-720F-4C81-A8FF-C9B3F7547BD8}
		{CA836C5D-192D-49FF-8FFC-696CA8B94805} = {0C403210-353E-49FA-8C8C-589C64ED4623}
	EndGlobalSection
	GlobalSection(ExtensibilityGlobals) = postSolution
		SolutionGuid = {E90DE2A0-5110-4D84-9E45-8E5494B4F416}
	EndGlobalSection
EndGlobal
